// !$*UTF8*$!
{
	archiveVersion = 1;
	classes = {
	};
	objectVersion = 46;
	objects = {

/* Begin PBXBuildFile section */
		D57C7D3B1CA3AEC1008EE3E3 /* AppDelegate.swift in Sources */ = {isa = PBXBuildFile; fileRef = D57C7D3A1CA3AEC1008EE3E3 /* AppDelegate.swift */; };
		D57C7D3D1CA3AEC1008EE3E3 /* ViewController.swift in Sources */ = {isa = PBXBuildFile; fileRef = D57C7D3C1CA3AEC1008EE3E3 /* ViewController.swift */; };
		D57C7D401CA3AEC1008EE3E3 /* Main.storyboard in Resources */ = {isa = PBXBuildFile; fileRef = D57C7D3E1CA3AEC1008EE3E3 /* Main.storyboard */; };
		D57C7D421CA3AEC1008EE3E3 /* Assets.xcassets in Resources */ = {isa = PBXBuildFile; fileRef = D57C7D411CA3AEC1008EE3E3 /* Assets.xcassets */; };
		D57C7D451CA3AEC1008EE3E3 /* LaunchScreen.storyboard in Resources */ = {isa = PBXBuildFile; fileRef = D57C7D431CA3AEC1008EE3E3 /* LaunchScreen.storyboard */; };
/* End PBXBuildFile section */

/* Begin PBXFileReference section */
		D57C7D371CA3AEC1008EE3E3 /* ballon.app */ = {isa = PBXFileReference; explicitFileType = wrapper.application; includeInIndex = 0; path = ballon.app; sourceTree = BUILT_PRODUCTS_DIR; };
		D57C7D3A1CA3AEC1008EE3E3 /* AppDelegate.swift */ = {isa = PBXFileReference; lastKnownFileType = sourcecode.swift; path = AppDelegate.swift; sourceTree = "<group>"; };
		D57C7D3C1CA3AEC1008EE3E3 /* ViewController.swift */ = {isa = PBXFileReference; lastKnownFileType = sourcecode.swift; path = ViewController.swift; sourceTree = "<group>"; };
		D57C7D3F1CA3AEC1008EE3E3 /* Base */ = {isa = PBXFileReference; lastKnownFileType = file.storyboard; name = Base; path = Base.lproj/Main.storyboard; sourceTree = "<group>"; };
		D57C7D411CA3AEC1008EE3E3 /* Assets.xcassets */ = {isa = PBXFileReference; lastKnownFileType = folder.assetcatalog; path = Assets.xcassets; sourceTree = "<group>"; };
		D57C7D441CA3AEC1008EE3E3 /* Base */ = {isa = PBXFileReference; lastKnownFileType = file.storyboard; name = Base; path = Base.lproj/LaunchScreen.storyboard; sourceTree = "<group>"; };
		D57C7D461CA3AEC1008EE3E3 /* Info.plist */ = {isa = PBXFileReference; lastKnownFileType = text.plist.xml; path = Info.plist; sourceTree = "<group>"; };
/* End PBXFileReference section */

/* Begin PBXFrameworksBuildPhase section */
		D57C7D341CA3AEC1008EE3E3 /* Frameworks */ = {
			isa = PBXFrameworksBuildPhase;
			buildActionMask = 2147483647;
			files = (
			);
			runOnlyForDeploymentPostprocessing = 0;
		};
/* End PBXFrameworksBuildPhase section */

/* Begin PBXGroup section */
		D57C7D2E1CA3AEC1008EE3E3 = {
			isa = PBXGroup;
			children = (
				D57C7D391CA3AEC1008EE3E3 /* ballon */,
				D57C7D381CA3AEC1008EE3E3 /* Products */,
			);
			sourceTree = "<group>";
		};
		D57C7D381CA3AEC1008EE3E3 /* Products */ = {
			isa = PBXGroup;
			children = (
				D57C7D371CA3AEC1008EE3E3 /* ballon.app */,
			);
			name = Products;
			sourceTree = "<group>";
		};
		D57C7D391CA3AEC1008EE3E3 /* ballon */ = {
			isa = PBXGroup;
			children = (
				D57C7D3A1CA3AEC1008EE3E3 /* AppDelegate.swift */,
				D57C7D3C1CA3AEC1008EE3E3 /* ViewController.swift */,
				D57C7D3E1CA3AEC1008EE3E3 /* Main.storyboard */,
				D57C7D411CA3AEC1008EE3E3 /* Assets.xcassets */,
				D57C7D431CA3AEC1008EE3E3 /* LaunchScreen.storyboard */,
				D57C7D461CA3AEC1008EE3E3 /* Info.plist */,
			);
			path = ballon;
			sourceTree = "<group>";
		};
/* End PBXGroup section */

/* Begin PBXNativeTarget section */
		D57C7D361CA3AEC1008EE3E3 /* ballon */ = {
			isa = PBXNativeTarget;
			buildConfigurationList = D57C7D491CA3AEC1008EE3E3 /* Build configuration list for PBXNativeTarget "ballon" */;
			buildPhases = (
				D57C7D331CA3AEC1008EE3E3 /* Sources */,
				D57C7D341CA3AEC1008EE3E3 /* Frameworks */,
				D57C7D351CA3AEC1008EE3E3 /* Resources */,
			);
			buildRules = (
			);
			dependencies = (
			);
			name = ballon;
			productName = ballon;
			productReference = D57C7D371CA3AEC1008EE3E3 /* ballon.app */;
			productType = "com.apple.product-type.application";
		};
/* End PBXNativeTarget section */

/* Begin PBXProject section */
		D57C7D2F1CA3AEC1008EE3E3 /* Project object */ = {
			isa = PBXProject;
			attributes = {
				LastSwiftUpdateCheck = 0720;
				LastUpgradeCheck = 0720;
				ORGANIZATIONNAME = "Tiago Machado";
				TargetAttributes = {
					D57C7D361CA3AEC1008EE3E3 = {
						CreatedOnToolsVersion = 7.2.1;
					};
				};
			};
			buildConfigurationList = D57C7D321CA3AEC1008EE3E3 /* Build configuration list for PBXProject "ballon" */;
			compatibilityVersion = "Xcode 3.2";
			developmentRegion = English;
			hasScannedForEncodings = 0;
			knownRegions = (
				en,
				Base,
			);
			mainGroup = D57C7D2E1CA3AEC1008EE3E3;
			productRefGroup = D57C7D381CA3AEC1008EE3E3 /* Products */;
			projectDirPath = "";
			projectRoot = "";
			targets = (
				D57C7D361CA3AEC1008EE3E3 /* ballon */,
			);
		};
/* End PBXProject section */

/* Begin PBXResourcesBuildPhase section */
		D57C7D351CA3AEC1008EE3E3 /* Resources */ = {
			isa = PBXResourcesBuildPhase;
			buildActionMask = 2147483647;
			files = (
				D57C7D451CA3AEC1008EE3E3 /* LaunchScreen.storyboard in Resources */,
				D57C7D421CA3AEC1008EE3E3 /* Assets.xcassets in Resources */,
				D57C7D401CA3AEC1008EE3E3 /* Main.storyboard in Resources */,
			);
			runOnlyForDeploymentPostprocessing = 0;
		};
/* End PBXResourcesBuildPhase section */

/* Begin PBXSourcesBuildPhase section */
		D57C7D331CA3AEC1008EE3E3 /* Sources */ = {
			isa = PBXSourcesBuildPhase;
			buildActionMask = 2147483647;
			files = (
				D57C7D3D1CA3AEC1008EE3E3 /* ViewController.swift in Sources */,
				D57C7D3B1CA3AEC1008EE3E3 /* AppDelegate.swift in Sources */,
			);
			runOnlyForDeploymentPostprocessing = 0;
		};
/* End PBXSourcesBuildPhase section */

/* Begin PBXVariantGroup section */
		D57C7D3E1CA3AEC1008EE3E3 /* Main.storyboard */ = {
			isa = PBXVariantGroup;
			children = (
				D57C7D3F1CA3AEC1008EE3E3 /* Base */,
			);
			name = Main.storyboard;
			sourceTree = "<group>";
		};
		D57C7D431CA3AEC1008EE3E3 /* LaunchScreen.storyboard */ = {
			isa = PBXVariantGroup;
			children = (
				D57C7D441CA3AEC1008EE3E3 /* Base */,
			);
			name = LaunchScreen.storyboard;
			sourceTree = "<group>";
		};
/* End PBXVariantGroup section */

/* Begin XCBuildConfiguration section */
		D57C7D471CA3AEC1008EE3E3 /* Debug */ = {
			isa = XCBuildConfiguration;
			buildSettings = {
				ALWAYS_SEARCH_USER_PATHS = NO;
				CLANG_CXX_LANGUAGE_STANDARD = "gnu++0x";
				CLANG_CXX_LIBRARY = "libc++";
				CLANG_ENABLE_MODULES = YES;
				CLANG_ENABLE_OBJC_ARC = YES;
				CLANG_WARN_BOOL_CONVERSION = YES;
				CLANG_WARN_CONSTANT_CONVERSION = YES;
				CLANG_WARN_DIRECT_OBJC_ISA_USAGE = YES_ERROR;
				CLANG_WARN_EMPTY_BODY = YES;
				CLANG_WARN_ENUM_CONVERSION = YES;
				CLANG_WARN_INT_CONVERSION = YES;
				CLANG_WARN_OBJC_ROOT_CLASS = YES_ERROR;
				CLANG_WARN_UNREACHABLE_CODE = YES;
				CLANG_WARN__DUPLICATE_METHOD_MATCH = YES;
				"CODE_SIGN_IDENTITY[sdk=iphoneos*]" = "iPhone Developer";
				COPY_PHASE_STRIP = NO;
				DEBUG_INFORMATION_FORMAT = dwarf;
				ENABLE_STRICT_OBJC_MSGSEND = YES;
				ENABLE_TESTABILITY = YES;
				GCC_C_LANGUAGE_STANDARD = gnu99;
				GCC_DYNAMIC_NO_PIC = NO;
				GCC_NO_COMMON_BLOCKS = YES;
				GCC_OPTIMIZATION_LEVEL = 0;
				GCC_PREPROCESSOR_DEFINITIONS = (
					"DEBUG=1",
					"$(inherited)",
				);
				GCC_WARN_64_TO_32_BIT_CONVERSION = YES;
				GCC_WARN_ABOUT_RETURN_TYPE = YES_ERROR;
				GCC_WARN_UNDECLARED_SELECTOR = YES;
				GCC_WARN_UNINITIALIZED_AUTOS = YES_AGGRESSIVE;
				GCC_WARN_UNUSED_FUNCTION = YES;
				GCC_WARN_UNUSED_VARIABLE = YES;
				IPHONEOS_DEPLOYMENT_TARGET = 9.2;
				MTL_ENABLE_DEBUG_INFO = YES;
				ONLY_ACTIVE_ARCH = YES;
				SDKROOT = iphoneos;
				SWIFT_OPTIMIZATION_LEVEL = "-Onone";
			};
			name = Debug;
		};
		D57C7D481CA3AEC1008EE3E3 /* Release */ = {
			isa = XCBuildConfiguration;
			buildSettings = {
				ALWAYS_SEARCH_USER_PATHS = NO;
				CLANG_CXX_LANGUAGE_STANDARD = "gnu++0x";
				CLANG_CXX_LIBRARY = "libc++";
				CLANG_ENABLE_MODULES = YES;
				CLANG_ENABLE_OBJC_ARC = YES;
				CLANG_WARN_BOOL_CONVERSION = YES;
				CLANG_WARN_CONSTANT_CONVERSION = YES;
				CLANG_WARN_DIRECT_OBJC_ISA_USAGE = YES_ERROR;
				CLANG_WARN_EMPTY_BODY = YES;
				CLANG_WARN_ENUM_CONVERSION = YES;
				CLANG_WARN_INT_CONVERSION = YES;
				CLANG_WARN_OBJC_ROOT_CLASS = YES_ERROR;
				CLANG_WARN_UNREACHABLE_CODE = YES;
				CLANG_WARN__DUPLICATE_METHOD_MATCH = YES;
				"CODE_SIGN_IDENTITY[sdk=iphoneos*]" = "iPhone Developer";
				COPY_PHASE_STRIP = NO;
				DEBUG_INFORMATION_FORMAT = "dwarf-with-dsym";
				ENABLE_NS_ASSERTIONS = NO;
				ENABLE_STRICT_OBJC_MSGSEND = YES;
				GCC_C_LANGUAGE_STANDARD = gnu99;
				GCC_NO_COMMON_BLOCKS = YES;
				GCC_WARN_64_TO_32_BIT_CONVERSION = YES;
				GCC_WARN_ABOUT_RETURN_TYPE = YES_ERROR;
				GCC_WARN_UNDECLARED_SELECTOR = YES;
				GCC_WARN_UNINITIALIZED_AUTOS = YES_AGGRESSIVE;
				GCC_WARN_UNUSED_FUNCTION = YES;
				GCC_WARN_UNUSED_VARIABLE = YES;
				IPHONEOS_DEPLOYMENT_TARGET = 9.2;
				MTL_ENABLE_DEBUG_INFO = NO;
				SDKROOT = iphoneos;
				VALIDATE_PRODUCT = YES;
			};
			name = Release;
		};
		D57C7D4A1CA3AEC1008EE3E3 /* Debug */ = {
			isa = XCBuildConfiguration;
			buildSettings = {
				ASSETCATALOG_COMPILER_APPICON_NAME = AppIcon;
				INFOPLIST_FILE = ballon/Info.plist;
				LD_RUNPATH_SEARCH_PATHS = "$(inherited) @executable_path/Frameworks";
				PRODUCT_BUNDLE_IDENTIFIER = com.tjmitsolutions.ballon;
				PRODUCT_NAME = "$(TARGET_NAME)";
			};
			name = Debug;
		};
		D57C7D4B1CA3AEC1008EE3E3 /* Release */ = {
			isa = XCBuildConfiguration;
			buildSettings = {
				ASSETCATALOG_COMPILER_APPICON_NAME = AppIcon;
				INFOPLIST_FILE = ballon/Info.plist;
				LD_RUNPATH_SEARCH_PATHS = "$(inherited) @executable_path/Frameworks";
				PRODUCT_BUNDLE_IDENTIFIER = com.tjmitsolutions.ballon;
				PRODUCT_NAME = "$(TARGET_NAME)";
			};
			name = Release;
		};
/* End XCBuildConfiguration section */

/* Begin XCConfigurationList section */
		D57C7D321CA3AEC1008EE3E3 /* Build configuration list for PBXProject "ballon" */ = {
			isa = XCConfigurationList;
			buildConfigurations = (
				D57C7D471CA3AEC1008EE3E3 /* Debug */,
				D57C7D481CA3AEC1008EE3E3 /* Release */,
			);
			defaultConfigurationIsVisible = 0;
			defaultConfigurationName = Release;
		};
		D57C7D491CA3AEC1008EE3E3 /* Build configuration list for PBXNativeTarget "ballon" */ = {
			isa = XCConfigurationList;
			buildConfigurations = (
				D57C7D4A1CA3AEC1008EE3E3 /* Debug */,
				D57C7D4B1CA3AEC1008EE3E3 /* Release */,
			);
			defaultConfigurationIsVisible = 0;
		};
/* End XCConfigurationList section */
	};
	rootObject = D57C7D2F1CA3AEC1008EE3E3 /* Project object */;
}
